{
    "composer/semver": {
        "version": "1.5.1"
    },
    "composer/xdebug-handler": {
        "version": "1.4.1"
    },
    "doctrine/annotations": {
        "version": "1.13",
        "recipe": {
            "repo": "github.com/symfony/recipes",
            "branch": "main",
            "version": "1.10",
            "ref": "64d8583af5ea57b7afa4aba4b159907f3a148b05"
        },
        "files": []
    },
    "doctrine/inflector": {
        "version": "1.3.1"
    },
    "doctrine/lexer": {
        "version": "1.2.0"
    },
    "ekino/phpstan-banned-code": {
        "version": "v0.3.1"
    },
    "erusev/parsedown": {
        "version": "1.7.4"
    },
    "friendsofphp/php-cs-fixer": {
        "version": "3.0",
        "recipe": {
            "repo": "github.com/symfony/recipes",
            "branch": "master",
            "version": "3.0",
            "ref": "be2103eb4a20942e28a6dd87736669b757132435"
        },
        "files": [
            ".php-cs-fixer.dist.php"
        ]
    },
    "guzzlehttp/psr7": {
        "version": "1.6.1"
    },
    "intervention/image": {
        "version": "2.5.1"
    },
    "league/flysystem": {
        "version": "1.0.66"
    },
    "league/glide": {
        "version": "1.5.0"
    },
    "league/glide-symfony": {
        "version": "dev-master"
    },
    "league/mime-type-detection": {
        "version": "1.5.1"
    },
    "monolog/monolog": {
        "version": "2.0.2"
    },
    "nikic/php-parser": {
        "version": "v4.3.0"
    },
    "php": {
        "version": "7.4"
    },
    "php-cs-fixer/diff": {
        "version": "v1.3.0"
    },
    "phpdocumentor/reflection-common": {
        "version": "2.0.0"
    },
    "phpdocumentor/reflection-docblock": {
        "version": "5.1.0"
    },
    "phpdocumentor/type-resolver": {
        "version": "1.1.0"
    },
    "phpstan/extension-installer": {
        "version": "1.1.0"
    },
    "phpstan/phpstan": {
        "version": "0.12.25"
    },
    "phpstan/phpstan-symfony": {
        "version": "0.12.11"
    },
    "psr/cache": {
        "version": "1.0.1"
    },
    "psr/container": {
        "version": "1.0.0"
    },
    "psr/event-dispatcher": {
        "version": "1.0.0"
    },
    "psr/http-factory": {
        "version": "1.0.1"
    },
    "psr/http-message": {
        "version": "1.0.1"
    },
    "psr/link": {
        "version": "1.0.0"
    },
    "psr/log": {
        "version": "1.1.3"
    },
    "ralouphie/getallheaders": {
        "version": "3.0.3"
    },
    "stenope/stenope": {
        "version": "v0.1.0"
    },
    "symfony/asset": {
        "version": "v5.0.7"
    },
    "symfony/cache": {
        "version": "v5.0.7"
    },
    "symfony/cache-contracts": {
        "version": "v2.0.1"
    },
    "symfony/config": {
        "version": "v5.0.7"
    },
    "symfony/console": {
        "version": "7.0",
        "recipe": {
            "repo": "github.com/symfony/recipes",
            "branch": "main",
            "version": "5.3",
            "ref": "1781ff40d8a17d87cf53f8d4cf0c8346ed2bb461"
        },
        "files": [
            "bin/console"
        ]
    },
    "symfony/css-selector": {
        "version": "v5.0.7"
    },
    "symfony/debug-bundle": {
        "version": "6.1",
        "recipe": {
            "repo": "github.com/symfony/recipes",
            "branch": "main",
            "version": "5.3",
            "ref": "5aa8aa48234c8eb6dbdd7b3cd5d791485d2cec4b"
        },
        "files": [
            "config/packages/debug.yaml"
        ]
    },
    "symfony/dependency-injection": {
        "version": "v5.0.7"
    },
    "symfony/deprecation-contracts": {
        "version": "v2.2.0"
    },
    "symfony/dom-crawler": {
        "version": "v5.0.7"
    },
    "symfony/dotenv": {
        "version": "v5.0.7"
    },
    "symfony/error-handler": {
        "version": "v5.0.7"
    },
    "symfony/event-dispatcher": {
        "version": "v5.0.7"
    },
    "symfony/event-dispatcher-contracts": {
        "version": "v2.0.1"
    },
    "symfony/expression-language": {
        "version": "v5.0.7"
    },
    "symfony/filesystem": {
        "version": "v5.0.7"
    },
    "symfony/finder": {
        "version": "v5.0.7"
    },
    "symfony/flex": {
        "version": "2.2",
        "recipe": {
            "repo": "github.com/symfony/recipes",
            "branch": "main",
            "version": "1.0",
            "ref": "146251ae39e06a95be0fe3d13c807bcf3938b172"
        },
        "files": [
            ".env"
        ]
    },
    "symfony/form": {
        "version": "v5.0.7"
    },
    "symfony/framework-bundle": {
        "version": "7.0",
        "recipe": {
            "repo": "github.com/symfony/recipes",
            "branch": "main",
            "version": "7.0",
            "ref": "6356c19b9ae08e7763e4ba2d9ae63043efc75db5"
        },
        "files": [
            "config/packages/cache.yaml",
            "config/packages/framework.yaml",
            "config/preload.php",
            "config/routes/framework.yaml",
            "config/services.yaml",
            "public/index.php",
            "src/Controller/.gitignore",
            "src/Kernel.php"
        ]
    },
    "symfony/http-client": {
        "version": "v5.0.7"
    },
    "symfony/http-client-contracts": {
        "version": "v2.0.1"
    },
    "symfony/http-foundation": {
        "version": "v5.0.7"
    },
    "symfony/http-kernel": {
        "version": "v5.0.7"
    },
    "symfony/intl": {
        "version": "v5.0.7"
    },
    "symfony/maker-bundle": {
        "version": "1.0",
        "recipe": {
            "repo": "github.com/symfony/recipes",
            "branch": "master",
            "version": "1.0",
            "ref": "fadbfe33303a76e25cb63401050439aa9b1a9c7f"
        }
    },
    "symfony/mime": {
        "version": "v5.1.10"
    },
    "symfony/monolog-bridge": {
        "version": "v5.0.7"
    },
    "symfony/monolog-bundle": {
        "version": "3.10",
        "recipe": {
            "repo": "github.com/symfony/recipes",
            "branch": "main",
            "version": "3.7",
            "ref": "aff23899c4440dd995907613c1dd709b6f59503f"
        },
        "files": [
            "config/packages/monolog.yaml"
        ]
    },
    "symfony/notifier": {
        "version": "5.0",
        "recipe": {
            "repo": "github.com/symfony/recipes",
            "branch": "main",
            "version": "5.0",
            "ref": "178877daf79d2dbd62129dd03612cb1a2cb407cc"
        },
        "files": [
            "config/packages/notifier.yaml"
        ]
    },
    "symfony/options-resolver": {
        "version": "v5.0.7"
    },
    "symfony/polyfill-intl-grapheme": {
        "version": "v1.15.0"
    },
    "symfony/polyfill-intl-icu": {
        "version": "v1.15.0"
    },
    "symfony/polyfill-intl-idn": {
        "version": "v1.20.0"
    },
    "symfony/polyfill-intl-normalizer": {
        "version": "v1.15.0"
    },
    "symfony/polyfill-mbstring": {
        "version": "v1.15.0"
    },
    "symfony/polyfill-php73": {
        "version": "v1.15.0"
    },
    "symfony/polyfill-php80": {
        "version": "v1.17.0"
    },
    "symfony/polyfill-php81": {
        "version": "v1.23.0"
    },
    "symfony/process": {
        "version": "v5.0.7"
    },
    "symfony/property-access": {
        "version": "v5.0.7"
    },
    "symfony/property-info": {
        "version": "v5.0.7"
    },
    "symfony/routing": {
        "version": "7.0",
        "recipe": {
            "repo": "github.com/symfony/recipes",
            "branch": "main",
            "version": "7.0",
            "ref": "21b72649d5622d8f7da329ffb5afb232a023619d"
        },
        "files": [
            "config/packages/routing.yaml",
            "config/routes.yaml"
        ]
    },
    "symfony/runtime": {
        "version": "v5.3.3"
    },
    "symfony/serializer": {
        "version": "v5.0.7"
    },
    "symfony/service-contracts": {
        "version": "v2.0.1"
    },
    "symfony/stopwatch": {
        "version": "v5.0.7"
    },
    "symfony/string": {
        "version": "v5.0.7"
    },
    "symfony/translation": {
        "version": "6.4",
        "recipe": {
            "repo": "github.com/symfony/recipes",
            "branch": "main",
            "version": "6.3",
            "ref": "e28e27f53663cc34f0be2837aba18e3a1bef8e7b"
        },
        "files": [
            "config/packages/translation.yaml",
            "translations/.gitignore"
        ]
    },
    "symfony/translation-contracts": {
        "version": "v2.0.1"
    },
    "symfony/twig-bridge": {
        "version": "v5.0.7"
    },
    "symfony/twig-bundle": {
        "version": "6.4",
        "recipe": {
            "repo": "github.com/symfony/recipes",
            "branch": "main",
            "version": "6.4",
            "ref": "cab5fd2a13a45c266d45a7d9337e28dee6272877"
        },
        "files": [
            "config/packages/twig.yaml",
            "templates/base.html.twig"
        ]
    },
    "symfony/var-dumper": {
        "version": "v5.0.7"
    },
    "symfony/var-exporter": {
        "version": "v5.0.7"
    },
    "symfony/web-link": {
        "version": "v5.0.7"
    },
    "symfony/web-profiler-bundle": {
        "version": "6.1",
        "recipe": {
            "repo": "github.com/symfony/recipes",
            "branch": "main",
            "version": "6.1",
            "ref": "e42b3f0177df239add25373083a564e5ead4e13a"
        },
        "files": [
            "config/packages/web_profiler.yaml",
            "config/routes/web_profiler.yaml"
        ]
    },
    "symfony/webpack-encore-bundle": {
        "version": "2.1",
        "recipe": {
            "repo": "github.com/symfony/recipes",
            "branch": "main",
            "version": "2.0",
            "ref": "082d754b3bd54b3fc669f278f1eea955cfd23cf5"
        },
        "files": [
            "assets/app.js",
            "assets/styles/app.css",
            "config/packages/webpack_encore.yaml",
            "package.json",
            "webpack.config.js"
        ]
    },
    "symfony/yaml": {
        "version": "v5.0.7"
    },
    "tom32i/showcase-bundle": {
        "version": "1.x-dev"
    },
    "twig/extra-bundle": {
        "version": "v3.0.3"
    },
    "twig/twig": {
        "version": "v3.0.3"
    },
    "webmozart/assert": {
        "version": "1.7.0"
    }
}
